// !$*UTF8*$!
{
	archiveVersion = 1;
	classes = {
	};
	objectVersion = 48;
	objects = {

/* Begin PBXBuildFile section */
		166279AAC0787A821AA0D13B /* libPods-Snake.a in Frameworks */ = {isa = PBXBuildFile; fileRef = 85DB67814327D0D9786C1474 /* libPods-Snake.a */; };
		F840FC5F2202C39F00ACB47A /* MYRestartView.m in Sources */ = {isa = PBXBuildFile; fileRef = F840FC5E2202C39F00ACB47A /* MYRestartView.m */; };
		F840FC622202CEA800ACB47A /* MYSnakeFood.m in Sources */ = {isa = PBXBuildFile; fileRef = F840FC612202CEA800ACB47A /* MYSnakeFood.m */; };
		F840FC67220437E300ACB47A /* SCNGeometry+MYShadow.m in Sources */ = {isa = PBXBuildFile; fileRef = F840FC66220437E300ACB47A /* SCNGeometry+MYShadow.m */; };
		F85E74512201486F00FA641D /* AppDelegate.m in Sources */ = {isa = PBXBuildFile; fileRef = F85E74502201486F00FA641D /* AppDelegate.m */; };
		F85E74542201486F00FA641D /* ViewController.m in Sources */ = {isa = PBXBuildFile; fileRef = F85E74532201486F00FA641D /* ViewController.m */; };
		F85E74572201486F00FA641D /* Main.storyboard in Resources */ = {isa = PBXBuildFile; fileRef = F85E74552201486F00FA641D /* Main.storyboard */; };
		F85E74592201487000FA641D /* Assets.xcassets in Resources */ = {isa = PBXBuildFile; fileRef = F85E74582201487000FA641D /* Assets.xcassets */; };
		F85E745C2201487000FA641D /* LaunchScreen.storyboard in Resources */ = {isa = PBXBuildFile; fileRef = F85E745A2201487000FA641D /* LaunchScreen.storyboard */; };
		F85E745F2201487000FA641D /* main.m in Sources */ = {isa = PBXBuildFile; fileRef = F85E745E2201487000FA641D /* main.m */; };
		F85E74692201487000FA641D /* SnakeTests.m in Sources */ = {isa = PBXBuildFile; fileRef = F85E74682201487000FA641D /* SnakeTests.m */; };
		F85E74742201487000FA641D /* SnakeUITests.m in Sources */ = {isa = PBXBuildFile; fileRef = F85E74732201487000FA641D /* SnakeUITests.m */; };
		F862E26B22017FC100D7D510 /* SceneKit.framework in Frameworks */ = {isa = PBXBuildFile; fileRef = F862E26A22017FC100D7D510 /* SceneKit.framework */; };
		F862E271220181F500D7D510 /* MYSnakeItemBox.m in Sources */ = {isa = PBXBuildFile; fileRef = F862E270220181F500D7D510 /* MYSnakeItemBox.m */; };
		F862E2732201839B00D7D510 /* snake.scnassets in Resources */ = {isa = PBXBuildFile; fileRef = F862E2722201839B00D7D510 /* snake.scnassets */; };
		F862E2762201873800D7D510 /* MYGridBox.m in Sources */ = {isa = PBXBuildFile; fileRef = F862E2752201873800D7D510 /* MYGridBox.m */; };
		F862E279220188C400D7D510 /* MYGridView.m in Sources */ = {isa = PBXBuildFile; fileRef = F862E278220188C400D7D510 /* MYGridView.m */; };
		F89AA1D8220524E60038A2CF /* SCNGeometry+MYNode.m in Sources */ = {isa = PBXBuildFile; fileRef = F89AA1D7220524E60038A2CF /* SCNGeometry+MYNode.m */; };
/* End PBXBuildFile section */

/* Begin PBXContainerItemProxy section */
		F85E74652201487000FA641D /* PBXContainerItemProxy */ = {
			isa = PBXContainerItemProxy;
			containerPortal = F85E74442201486F00FA641D /* Project object */;
			proxyType = 1;
			remoteGlobalIDString = F85E744B2201486F00FA641D;
			remoteInfo = Snake;
		};
		F85E74702201487000FA641D /* PBXContainerItemProxy */ = {
			isa = PBXContainerItemProxy;
			containerPortal = F85E74442201486F00FA641D /* Project object */;
			proxyType = 1;
			remoteGlobalIDString = F85E744B2201486F00FA641D;
			remoteInfo = Snake;
		};
/* End PBXContainerItemProxy section */

/* Begin PBXFileReference section */
		7169FDCC1830BCD053D3745B /* Pods-Snake.release.xcconfig */ = {isa = PBXFileReference; includeInIndex = 1; lastKnownFileType = text.xcconfig; name = "Pods-Snake.release.xcconfig"; path = "Pods/Target Support Files/Pods-Snake/Pods-Snake.release.xcconfig"; sourceTree = "<group>"; };
		85DB67814327D0D9786C1474 /* libPods-Snake.a */ = {isa = PBXFileReference; explicitFileType = archive.ar; includeInIndex = 0; path = "libPods-Snake.a"; sourceTree = BUILT_PRODUCTS_DIR; };
		ACD66F27328BC945FD869CA8 /* Pods-Snake.debug.xcconfig */ = {isa = PBXFileReference; includeInIndex = 1; lastKnownFileType = text.xcconfig; name = "Pods-Snake.debug.xcconfig"; path = "Pods/Target Support Files/Pods-Snake/Pods-Snake.debug.xcconfig"; sourceTree = "<group>"; };
		F840FC5D2202C39F00ACB47A /* MYRestartView.h */ = {isa = PBXFileReference; lastKnownFileType = sourcecode.c.h; path = MYRestartView.h; sourceTree = "<group>"; };
		F840FC5E2202C39F00ACB47A /* MYRestartView.m */ = {isa = PBXFileReference; lastKnownFileType = sourcecode.c.objc; path = MYRestartView.m; sourceTree = "<group>"; };
		F840FC602202CEA800ACB47A /* MYSnakeFood.h */ = {isa = PBXFileReference; lastKnownFileType = sourcecode.c.h; path = MYSnakeFood.h; sourceTree = "<group>"; };
		F840FC612202CEA800ACB47A /* MYSnakeFood.m */ = {isa = PBXFileReference; lastKnownFileType = sourcecode.c.objc; path = MYSnakeFood.m; sourceTree = "<group>"; };
		F840FC65220437E300ACB47A /* SCNGeometry+MYShadow.h */ = {isa = PBXFileReference; lastKnownFileType = sourcecode.c.h; path = "SCNGeometry+MYShadow.h"; sourceTree = "<group>"; };
		F840FC66220437E300ACB47A /* SCNGeometry+MYShadow.m */ = {isa = PBXFileReference; lastKnownFileType = sourcecode.c.objc; path = "SCNGeometry+MYShadow.m"; sourceTree = "<group>"; };
		F85E744C2201486F00FA641D /* Snake.app */ = {isa = PBXFileReference; explicitFileType = wrapper.application; includeInIndex = 0; path = Snake.app; sourceTree = BUILT_PRODUCTS_DIR; };
		F85E744F2201486F00FA641D /* AppDelegate.h */ = {isa = PBXFileReference; lastKnownFileType = sourcecode.c.h; path = AppDelegate.h; sourceTree = "<group>"; };
		F85E74502201486F00FA641D /* AppDelegate.m */ = {isa = PBXFileReference; lastKnownFileType = sourcecode.c.objc; path = AppDelegate.m; sourceTree = "<group>"; };
		F85E74522201486F00FA641D /* ViewController.h */ = {isa = PBXFileReference; lastKnownFileType = sourcecode.c.h; path = ViewController.h; sourceTree = "<group>"; };
		F85E74532201486F00FA641D /* ViewController.m */ = {isa = PBXFileReference; lastKnownFileType = sourcecode.c.objc; path = ViewController.m; sourceTree = "<group>"; };
		F85E74562201486F00FA641D /* Base */ = {isa = PBXFileReference; lastKnownFileType = file.storyboard; name = Base; path = Base.lproj/Main.storyboard; sourceTree = "<group>"; };
		F85E74582201487000FA641D /* Assets.xcassets */ = {isa = PBXFileReference; lastKnownFileType = folder.assetcatalog; path = Assets.xcassets; sourceTree = "<group>"; };
		F85E745B2201487000FA641D /* Base */ = {isa = PBXFileReference; lastKnownFileType = file.storyboard; name = Base; path = Base.lproj/LaunchScreen.storyboard; sourceTree = "<group>"; };
		F85E745D2201487000FA641D /* Info.plist */ = {isa = PBXFileReference; lastKnownFileType = text.plist.xml; path = Info.plist; sourceTree = "<group>"; };
		F85E745E2201487000FA641D /* main.m */ = {isa = PBXFileReference; lastKnownFileType = sourcecode.c.objc; path = main.m; sourceTree = "<group>"; };
		F85E74642201487000FA641D /* SnakeTests.xctest */ = {isa = PBXFileReference; explicitFileType = wrapper.cfbundle; includeInIndex = 0; path = SnakeTests.xctest; sourceTree = BUILT_PRODUCTS_DIR; };
		F85E74682201487000FA641D /* SnakeTests.m */ = {isa = PBXFileReference; lastKnownFileType = sourcecode.c.objc; path = SnakeTests.m; sourceTree = "<group>"; };
		F85E746A2201487000FA641D /* Info.plist */ = {isa = PBXFileReference; lastKnownFileType = text.plist.xml; path = Info.plist; sourceTree = "<group>"; };
		F85E746F2201487000FA641D /* SnakeUITests.xctest */ = {isa = PBXFileReference; explicitFileType = wrapper.cfbundle; includeInIndex = 0; path = SnakeUITests.xctest; sourceTree = BUILT_PRODUCTS_DIR; };
		F85E74732201487000FA641D /* SnakeUITests.m */ = {isa = PBXFileReference; lastKnownFileType = sourcecode.c.objc; path = SnakeUITests.m; sourceTree = "<group>"; };
		F85E74752201487000FA641D /* Info.plist */ = {isa = PBXFileReference; lastKnownFileType = text.plist.xml; path = Info.plist; sourceTree = "<group>"; };
		F862E26A22017FC100D7D510 /* SceneKit.framework */ = {isa = PBXFileReference; lastKnownFileType = wrapper.framework; name = SceneKit.framework; path = System/Library/Frameworks/SceneKit.framework; sourceTree = SDKROOT; };
		F862E26F220181F500D7D510 /* MYSnakeItemBox.h */ = {isa = PBXFileReference; lastKnownFileType = sourcecode.c.h; path = MYSnakeItemBox.h; sourceTree = "<group>"; };
		F862E270220181F500D7D510 /* MYSnakeItemBox.m */ = {isa = PBXFileReference; lastKnownFileType = sourcecode.c.objc; path = MYSnakeItemBox.m; sourceTree = "<group>"; };
		F862E2722201839B00D7D510 /* snake.scnassets */ = {isa = PBXFileReference; lastKnownFileType = wrapper.scnassets; path = snake.scnassets; sourceTree = "<group>"; };
		F862E2742201873800D7D510 /* MYGridBox.h */ = {isa = PBXFileReference; lastKnownFileType = sourcecode.c.h; path = MYGridBox.h; sourceTree = "<group>"; };
		F862E2752201873800D7D510 /* MYGridBox.m */ = {isa = PBXFileReference; lastKnownFileType = sourcecode.c.objc; path = MYGridBox.m; sourceTree = "<group>"; };
		F862E277220188C400D7D510 /* MYGridView.h */ = {isa = PBXFileReference; lastKnownFileType = sourcecode.c.h; path = MYGridView.h; sourceTree = "<group>"; };
		F862E278220188C400D7D510 /* MYGridView.m */ = {isa = PBXFileReference; lastKnownFileType = sourcecode.c.objc; path = MYGridView.m; sourceTree = "<group>"; };
		F89AA1D6220524E60038A2CF /* SCNGeometry+MYNode.h */ = {isa = PBXFileReference; lastKnownFileType = sourcecode.c.h; path = "SCNGeometry+MYNode.h"; sourceTree = "<group>"; };
		F89AA1D7220524E60038A2CF /* SCNGeometry+MYNode.m */ = {isa = PBXFileReference; lastKnownFileType = sourcecode.c.objc; path = "SCNGeometry+MYNode.m"; sourceTree = "<group>"; };
/* End PBXFileReference section */

/* Begin PBXFrameworksBuildPhase section */
		F85E74492201486F00FA641D /* Frameworks */ = {
			isa = PBXFrameworksBuildPhase;
			buildActionMask = 2147483647;
			files = (
				F862E26B22017FC100D7D510 /* SceneKit.framework in Frameworks */,
				166279AAC0787A821AA0D13B /* libPods-Snake.a in Frameworks */,
			);
			runOnlyForDeploymentPostprocessing = 0;
		};
		F85E74612201487000FA641D /* Frameworks */ = {
			isa = PBXFrameworksBuildPhase;
			buildActionMask = 2147483647;
			files = (
			);
			runOnlyForDeploymentPostprocessing = 0;
		};
		F85E746C2201487000FA641D /* Frameworks */ = {
			isa = PBXFrameworksBuildPhase;
			buildActionMask = 2147483647;
			files = (
			);
			runOnlyForDeploymentPostprocessing = 0;
		};
/* End PBXFrameworksBuildPhase section */

/* Begin PBXGroup section */
		0FAADE7E14B1DB2496651494 /* Pods */ = {
			isa = PBXGroup;
			children = (
				ACD66F27328BC945FD869CA8 /* Pods-Snake.debug.xcconfig */,
				7169FDCC1830BCD053D3745B /* Pods-Snake.release.xcconfig */,
			);
			name = Pods;
			sourceTree = "<group>";
		};
		C5B3749017636542F94CEC71 /* Frameworks */ = {
			isa = PBXGroup;
			children = (
				F862E26A22017FC100D7D510 /* SceneKit.framework */,
				85DB67814327D0D9786C1474 /* libPods-Snake.a */,
			);
			name = Frameworks;
			sourceTree = "<group>";
		};
		F85E74432201486F00FA641D = {
			isa = PBXGroup;
			children = (
				F85E744E2201486F00FA641D /* Snake */,
				F85E74672201487000FA641D /* SnakeTests */,
				F85E74722201487000FA641D /* SnakeUITests */,
				F85E744D2201486F00FA641D /* Products */,
				0FAADE7E14B1DB2496651494 /* Pods */,
				C5B3749017636542F94CEC71 /* Frameworks */,
			);
			sourceTree = "<group>";
		};
		F85E744D2201486F00FA641D /* Products */ = {
			isa = PBXGroup;
			children = (
				F85E744C2201486F00FA641D /* Snake.app */,
				F85E74642201487000FA641D /* SnakeTests.xctest */,
				F85E746F2201487000FA641D /* SnakeUITests.xctest */,
			);
			name = Products;
			sourceTree = "<group>";
		};
		F85E744E2201486F00FA641D /* Snake */ = {
			isa = PBXGroup;
			children = (
				F85E744F2201486F00FA641D /* AppDelegate.h */,
				F85E74502201486F00FA641D /* AppDelegate.m */,
				F85E74522201486F00FA641D /* ViewController.h */,
				F85E74532201486F00FA641D /* ViewController.m */,
				F85E74552201486F00FA641D /* Main.storyboard */,
				F85E74582201487000FA641D /* Assets.xcassets */,
				F85E745A2201487000FA641D /* LaunchScreen.storyboard */,
				F85E745D2201487000FA641D /* Info.plist */,
				F85E745E2201487000FA641D /* main.m */,
				F862E26F220181F500D7D510 /* MYSnakeItemBox.h */,
				F862E270220181F500D7D510 /* MYSnakeItemBox.m */,
				F862E2722201839B00D7D510 /* snake.scnassets */,
				F862E2742201873800D7D510 /* MYGridBox.h */,
				F862E2752201873800D7D510 /* MYGridBox.m */,
				F862E277220188C400D7D510 /* MYGridView.h */,
				F862E278220188C400D7D510 /* MYGridView.m */,
				F840FC5D2202C39F00ACB47A /* MYRestartView.h */,
				F840FC5E2202C39F00ACB47A /* MYRestartView.m */,
				F840FC602202CEA800ACB47A /* MYSnakeFood.h */,
				F840FC612202CEA800ACB47A /* MYSnakeFood.m */,
				F840FC65220437E300ACB47A /* SCNGeometry+MYShadow.h */,
				F840FC66220437E300ACB47A /* SCNGeometry+MYShadow.m */,
				F89AA1D6220524E60038A2CF /* SCNGeometry+MYNode.h */,
				F89AA1D7220524E60038A2CF /* SCNGeometry+MYNode.m */,
			);
			path = Snake;
			sourceTree = "<group>";
		};
		F85E74672201487000FA641D /* SnakeTests */ = {
			isa = PBXGroup;
			children = (
				F85E74682201487000FA641D /* SnakeTests.m */,
				F85E746A2201487000FA641D /* Info.plist */,
			);
			path = SnakeTests;
			sourceTree = "<group>";
		};
		F85E74722201487000FA641D /* SnakeUITests */ = {
			isa = PBXGroup;
			children = (
				F85E74732201487000FA641D /* SnakeUITests.m */,
				F85E74752201487000FA641D /* Info.plist */,
			);
			path = SnakeUITests;
			sourceTree = "<group>";
		};
/* End PBXGroup section */

/* Begin PBXNativeTarget section */
		F85E744B2201486F00FA641D /* Snake */ = {
			isa = PBXNativeTarget;
			buildConfigurationList = F85E74782201487000FA641D /* Build configuration list for PBXNativeTarget "Snake" */;
			buildPhases = (
				867193CC764EE6A3E2273556 /* [CP] Check Pods Manifest.lock */,
				F85E74482201486F00FA641D /* Sources */,
				F85E74492201486F00FA641D /* Frameworks */,
				F85E744A2201486F00FA641D /* Resources */,
			);
			buildRules = (
			);
			dependencies = (
			);
			name = Snake;
			productName = Snake;
			productReference = F85E744C2201486F00FA641D /* Snake.app */;
			productType = "com.apple.product-type.application";
		};
		F85E74632201487000FA641D /* SnakeTests */ = {
			isa = PBXNativeTarget;
			buildConfigurationList = F85E747B2201487000FA641D /* Build configuration list for PBXNativeTarget "SnakeTests" */;
			buildPhases = (
				F85E74602201487000FA641D /* Sources */,
				F85E74612201487000FA641D /* Frameworks */,
				F85E74622201487000FA641D /* Resources */,
			);
			buildRules = (
			);
			dependencies = (
				F85E74662201487000FA641D /* PBXTargetDependency */,
			);
			name = SnakeTests;
			productName = SnakeTests;
			productReference = F85E74642201487000FA641D /* SnakeTests.xctest */;
			productType = "com.apple.product-type.bundle.unit-test";
		};
		F85E746E2201487000FA641D /* SnakeUITests */ = {
			isa = PBXNativeTarget;
			buildConfigurationList = F85E747E2201487000FA641D /* Build configuration list for PBXNativeTarget "SnakeUITests" */;
			buildPhases = (
				F85E746B2201487000FA641D /* Sources */,
				F85E746C2201487000FA641D /* Frameworks */,
				F85E746D2201487000FA641D /* Resources */,
			);
			buildRules = (
			);
			dependencies = (
				F85E74712201487000FA641D /* PBXTargetDependency */,
			);
			name = SnakeUITests;
			productName = SnakeUITests;
			productReference = F85E746F2201487000FA641D /* SnakeUITests.xctest */;
			productType = "com.apple.product-type.bundle.ui-testing";
		};
/* End PBXNativeTarget section */

/* Begin PBXProject section */
		F85E74442201486F00FA641D /* Project object */ = {
			isa = PBXProject;
			attributes = {
				LastUpgradeCheck = 1010;
				ORGANIZATIONNAME = "明妍";
				TargetAttributes = {
					F85E744B2201486F00FA641D = {
						CreatedOnToolsVersion = 10.1;
						ProvisioningStyle = Automatic;
					};
					F85E74632201487000FA641D = {
						CreatedOnToolsVersion = 10.1;
						ProvisioningStyle = Automatic;
						TestTargetID = F85E744B2201486F00FA641D;
					};
					F85E746E2201487000FA641D = {
						CreatedOnToolsVersion = 10.1;
						ProvisioningStyle = Automatic;
						TestTargetID = F85E744B2201486F00FA641D;
					};
				};
			};
			buildConfigurationList = F85E74472201486F00FA641D /* Build configuration list for PBXProject "Snake" */;
			compatibilityVersion = "Xcode 8.0";
			developmentRegion = en;
			hasScannedForEncodings = 0;
			knownRegions = (
				en,
				Base,
			);
			mainGroup = F85E74432201486F00FA641D;
			productRefGroup = F85E744D2201486F00FA641D /* Products */;
			projectDirPath = "";
			projectRoot = "";
			targets = (
				F85E744B2201486F00FA641D /* Snake */,
				F85E74632201487000FA641D /* SnakeTests */,
				F85E746E2201487000FA641D /* SnakeUITests */,
			);
		};
/* End PBXProject section */

/* Begin PBXResourcesBuildPhase section */
		F85E744A2201486F00FA641D /* Resources */ = {
			isa = PBXResourcesBuildPhase;
			buildActionMask = 2147483647;
			files = (
				F85E745C2201487000FA641D /* LaunchScreen.storyboard in Resources */,
				F85E74592201487000FA641D /* Assets.xcassets in Resources */,
				F862E2732201839B00D7D510 /* snake.scnassets in Resources */,
				F85E74572201486F00FA641D /* Main.storyboard in Resources */,
			);
			runOnlyForDeploymentPostprocessing = 0;
		};
		F85E74622201487000FA641D /* Resources */ = {
			isa = PBXResourcesBuildPhase;
			buildActionMask = 2147483647;
			files = (
			);
			runOnlyForDeploymentPostprocessing = 0;
		};
		F85E746D2201487000FA641D /* Resources */ = {
			isa = PBXResourcesBuildPhase;
			buildActionMask = 2147483647;
			files = (
			);
			runOnlyForDeploymentPostprocessing = 0;
		};
/* End PBXResourcesBuildPhase section */

/* Begin PBXShellScriptBuildPhase section */
		867193CC764EE6A3E2273556 /* [CP] Check Pods Manifest.lock */ = {
			isa = PBXShellScriptBuildPhase;
			buildActionMask = 2147483647;
			files = (
			);
			inputFileListPaths = (
			);
			inputPaths = (
				"${PODS_PODFILE_DIR_PATH}/Podfile.lock",
				"${PODS_ROOT}/Manifest.lock",
			);
			name = "[CP] Check Pods Manifest.lock";
			outputFileListPaths = (
			);
			outputPaths = (
				"$(DERIVED_FILE_DIR)/Pods-Snake-checkManifestLockResult.txt",
			);
			runOnlyForDeploymentPostprocessing = 0;
			shellPath = /bin/sh;
			shellScript = "diff \"${PODS_PODFILE_DIR_PATH}/Podfile.lock\" \"${PODS_ROOT}/Manifest.lock\" > /dev/null\nif [ $? != 0 ] ; then\n    # print error to STDERR\n    echo \"error: The sandbox is not in sync with the Podfile.lock. Run 'pod install' or update your CocoaPods installation.\" >&2\n    exit 1\nfi\n# This output is used by Xcode 'outputs' to avoid re-running this script phase.\necho \"SUCCESS\" > \"${SCRIPT_OUTPUT_FILE_0}\"\n";
			showEnvVarsInLog = 0;
		};
/* End PBXShellScriptBuildPhase section */

/* Begin PBXSourcesBuildPhase section */
		F85E74482201486F00FA641D /* Sources */ = {
			isa = PBXSourcesBuildPhase;
			buildActionMask = 2147483647;
			files = (
				F840FC5F2202C39F00ACB47A /* MYRestartView.m in Sources */,
				F840FC622202CEA800ACB47A /* MYSnakeFood.m in Sources */,
				F862E279220188C400D7D510 /* MYGridView.m in Sources */,
				F85E74542201486F00FA641D /* ViewController.m in Sources */,
				F89AA1D8220524E60038A2CF /* SCNGeometry+MYNode.m in Sources */,
				F85E745F2201487000FA641D /* main.m in Sources */,
				F85E74512201486F00FA641D /* AppDelegate.m in Sources */,
				F840FC67220437E300ACB47A /* SCNGeometry+MYShadow.m in Sources */,
				F862E2762201873800D7D510 /* MYGridBox.m in Sources */,
				F862E271220181F500D7D510 /* MYSnakeItemBox.m in Sources */,
			);
			runOnlyForDeploymentPostprocessing = 0;
		};
		F85E74602201487000FA641D /* Sources */ = {
			isa = PBXSourcesBuildPhase;
			buildActionMask = 2147483647;
			files = (
				F85E74692201487000FA641D /* SnakeTests.m in Sources */,
			);
			runOnlyForDeploymentPostprocessing = 0;
		};
		F85E746B2201487000FA641D /* Sources */ = {
			isa = PBXSourcesBuildPhase;
			buildActionMask = 2147483647;
			files = (
				F85E74742201487000FA641D /* SnakeUITests.m in Sources */,
			);
			runOnlyForDeploymentPostprocessing = 0;
		};
/* End PBXSourcesBuildPhase section */

/* Begin PBXTargetDependency section */
		F85E74662201487000FA641D /* PBXTargetDependency */ = {
			isa = PBXTargetDependency;
			target = F85E744B2201486F00FA641D /* Snake */;
			targetProxy = F85E74652201487000FA641D /* PBXContainerItemProxy */;
		};
		F85E74712201487000FA641D /* PBXTargetDependency */ = {
			isa = PBXTargetDependency;
			target = F85E744B2201486F00FA641D /* Snake */;
			targetProxy = F85E74702201487000FA641D /* PBXContainerItemProxy */;
		};
/* End PBXTargetDependency section */

/* Begin PBXVariantGroup section */
		F85E74552201486F00FA641D /* Main.storyboard */ = {
			isa = PBXVariantGroup;
			children = (
				F85E74562201486F00FA641D /* Base */,
			);
			name = Main.storyboard;
			sourceTree = "<group>";
		};
		F85E745A2201487000FA641D /* LaunchScreen.storyboard */ = {
			isa = PBXVariantGroup;
			children = (
				F85E745B2201487000FA641D /* Base */,
			);
			name = LaunchScreen.storyboard;
			sourceTree = "<group>";
		};
/* End PBXVariantGroup section */

/* Begin XCBuildConfiguration section */
		F85E74762201487000FA641D /* Debug */ = {
			isa = XCBuildConfiguration;
			buildSettings = {
				ALWAYS_SEARCH_USER_PATHS = NO;
				CLANG_ANALYZER_NONNULL = YES;
				CLANG_ANALYZER_NUMBER_OBJECT_CONVERSION = YES_AGGRESSIVE;
				CLANG_CXX_LANGUAGE_STANDARD = "gnu++14";
				CLANG_CXX_LIBRARY = "libc++";
				CLANG_ENABLE_MODULES = YES;
				CLANG_ENABLE_OBJC_ARC = YES;
				CLANG_ENABLE_OBJC_WEAK = YES;
				CLANG_WARN_BLOCK_CAPTURE_AUTORELEASING = YES;
				CLANG_WARN_BOOL_CONVERSION = YES;
				CLANG_WARN_COMMA = YES;
				CLANG_WARN_CONSTANT_CONVERSION = YES;
				CLANG_WARN_DEPRECATED_OBJC_IMPLEMENTATIONS = YES;
				CLANG_WARN_DIRECT_OBJC_ISA_USAGE = YES_ERROR;
				CLANG_WARN_DOCUMENTATION_COMMENTS = YES;
				CLANG_WARN_EMPTY_BODY = YES;
				CLANG_WARN_ENUM_CONVERSION = YES;
				CLANG_WARN_INFINITE_RECURSION = YES;
				CLANG_WARN_INT_CONVERSION = YES;
				CLANG_WARN_NON_LITERAL_NULL_CONVERSION = YES;
				CLANG_WARN_OBJC_IMPLICIT_RETAIN_SELF = YES;
				CLANG_WARN_OBJC_LITERAL_CONVERSION = YES;
				CLANG_WARN_OBJC_ROOT_CLASS = YES_ERROR;
				CLANG_WARN_RANGE_LOOP_ANALYSIS = YES;
				CLANG_WARN_STRICT_PROTOTYPES = YES;
				CLANG_WARN_SUSPICIOUS_MOVE = YES;
				CLANG_WARN_UNGUARDED_AVAILABILITY = YES_AGGRESSIVE;
				CLANG_WARN_UNREACHABLE_CODE = YES;
				CLANG_WARN__DUPLICATE_METHOD_MATCH = YES;
				CODE_SIGN_IDENTITY = "iPhone Developer";
				COPY_PHASE_STRIP = NO;
				DEBUG_INFORMATION_FORMAT = dwarf;
				ENABLE_STRICT_OBJC_MSGSEND = YES;
				ENABLE_TESTABILITY = YES;
				GCC_C_LANGUAGE_STANDARD = gnu11;
				GCC_DYNAMIC_NO_PIC = NO;
				GCC_NO_COMMON_BLOCKS = YES;
				GCC_OPTIMIZATION_LEVEL = 0;
				GCC_PREPROCESSOR_DEFINITIONS = (
					"DEBUG=1",
					"$(inherited)",
				);
				GCC_WARN_64_TO_32_BIT_CONVERSION = YES;
				GCC_WARN_ABOUT_RETURN_TYPE = YES_ERROR;
				GCC_WARN_UNDECLARED_SELECTOR = YES;
				GCC_WARN_UNINITIALIZED_AUTOS = YES_AGGRESSIVE;
				GCC_WARN_UNUSED_FUNCTION = YES;
				GCC_WARN_UNUSED_VARIABLE = YES;
				IPHONEOS_DEPLOYMENT_TARGET = 12.1;
				MTL_ENABLE_DEBUG_INFO = INCLUDE_SOURCE;
				MTL_FAST_MATH = YES;
				ONLY_ACTIVE_ARCH = YES;
				SDKROOT = iphoneos;
			};
			name = Debug;
		};
		F85E74772201487000FA641D /* Release */ = {
			isa = XCBuildConfiguration;
			buildSettings = {
				ALWAYS_SEARCH_USER_PATHS = NO;
				CLANG_ANALYZER_NONNULL = YES;
				CLANG_ANALYZER_NUMBER_OBJECT_CONVERSION = YES_AGGRESSIVE;
				CLANG_CXX_LANGUAGE_STANDARD = "gnu++14";
				CLANG_CXX_LIBRARY = "libc++";
				CLANG_ENABLE_MODULES = YES;
				CLANG_ENABLE_OBJC_ARC = YES;
				CLANG_ENABLE_OBJC_WEAK = YES;
				CLANG_WARN_BLOCK_CAPTURE_AUTORELEASING = YES;
				CLANG_WARN_BOOL_CONVERSION = YES;
				CLANG_WARN_COMMA = YES;
				CLANG_WARN_CONSTANT_CONVERSION = YES;
				CLANG_WARN_DEPRECATED_OBJC_IMPLEMENTATIONS = YES;
				CLANG_WARN_DIRECT_OBJC_ISA_USAGE = YES_ERROR;
				CLANG_WARN_DOCUMENTATION_COMMENTS = YES;
				CLANG_WARN_EMPTY_BODY = YES;
				CLANG_WARN_ENUM_CONVERSION = YES;
				CLANG_WARN_INFINITE_RECURSION = YES;
				CLANG_WARN_INT_CONVERSION = YES;
				CLANG_WARN_NON_LITERAL_NULL_CONVERSION = YES;
				CLANG_WARN_OBJC_IMPLICIT_RETAIN_SELF = YES;
				CLANG_WARN_OBJC_LITERAL_CONVERSION = YES;
				CLANG_WARN_OBJC_ROOT_CLASS = YES_ERROR;
				CLANG_WARN_RANGE_LOOP_ANALYSIS = YES;
				CLANG_WARN_STRICT_PROTOTYPES = YES;
				CLANG_WARN_SUSPICIOUS_MOVE = YES;
				CLANG_WARN_UNGUARDED_AVAILABILITY = YES_AGGRESSIVE;
				CLANG_WARN_UNREACHABLE_CODE = YES;
				CLANG_WARN__DUPLICATE_METHOD_MATCH = YES;
				CODE_SIGN_IDENTITY = "iPhone Developer";
				COPY_PHASE_STRIP = NO;
				DEBUG_INFORMATION_FORMAT = "dwarf-with-dsym";
				ENABLE_NS_ASSERTIONS = NO;
				ENABLE_STRICT_OBJC_MSGSEND = YES;
				GCC_C_LANGUAGE_STANDARD = gnu11;
				GCC_NO_COMMON_BLOCKS = YES;
				GCC_WARN_64_TO_32_BIT_CONVERSION = YES;
				GCC_WARN_ABOUT_RETURN_TYPE = YES_ERROR;
				GCC_WARN_UNDECLARED_SELECTOR = YES;
				GCC_WARN_UNINITIALIZED_AUTOS = YES_AGGRESSIVE;
				GCC_WARN_UNUSED_FUNCTION = YES;
				GCC_WARN_UNUSED_VARIABLE = YES;
				IPHONEOS_DEPLOYMENT_TARGET = 12.1;
				MTL_ENABLE_DEBUG_INFO = NO;
				MTL_FAST_MATH = YES;
				SDKROOT = iphoneos;
				VALIDATE_PRODUCT = YES;
			};
			name = Release;
		};
		F85E74792201487000FA641D /* Debug */ = {
			isa = XCBuildConfiguration;
			baseConfigurationReference = ACD66F27328BC945FD869CA8 /* Pods-Snake.debug.xcconfig */;
			buildSettings = {
				ASSETCATALOG_COMPILER_APPICON_NAME = AppIcon;
				CODE_SIGN_STYLE = Automatic;
				DEVELOPMENT_TEAM = AH8FHU45PG;
				INFOPLIST_FILE = Snake/Info.plist;
				IPHONEOS_DEPLOYMENT_TARGET = 11.0;
				LD_RUNPATH_SEARCH_PATHS = "$(inherited) @executable_path/Frameworks";
				PRODUCT_BUNDLE_IDENTIFIER = com.pwyxgs.Snake;
				PRODUCT_NAME = "$(TARGET_NAME)";
				TARGETED_DEVICE_FAMILY = "1,2";
			};
			name = Debug;
		};
		F85E747A2201487000FA641D /* Release */ = {
			isa = XCBuildConfiguration;
			baseConfigurationReference = 7169FDCC1830BCD053D3745B /* Pods-Snake.release.xcconfig */;
			buildSettings = {
				ASSETCATALOG_COMPILER_APPICON_NAME = AppIcon;
				CODE_SIGN_STYLE = Automatic;
				DEVELOPMENT_TEAM = AH8FHU45PG;
				INFOPLIST_FILE = Snake/Info.plist;
				IPHONEOS_DEPLOYMENT_TARGET = 11.0;
				LD_RUNPATH_SEARCH_PATHS = "$(inherited) @executable_path/Frameworks";
				PRODUCT_BUNDLE_IDENTIFIER = com.pwyxgs.Snake;
				PRODUCT_NAME = "$(TARGET_NAME)";
				TARGETED_DEVICE_FAMILY = "1,2";
			};
			name = Release;
		};
		F85E747C2201487000FA641D /* Debug */ = {
			isa = XCBuildConfiguration;
			buildSettings = {
				BUNDLE_LOADER = "$(TEST_HOST)";
				CODE_SIGN_STYLE = Automatic;
				DEVELOPMENT_TEAM = AH8FHU45PG;
				INFOPLIST_FILE = SnakeTests/Info.plist;
				LD_RUNPATH_SEARCH_PATHS = "$(inherited) @executable_path/Frameworks @loader_path/Frameworks";
				PRODUCT_BUNDLE_IDENTIFIER = com.pwyxgs.SnakeTests;
				PRODUCT_NAME = "$(TARGET_NAME)";
				TARGETED_DEVICE_FAMILY = "1,2";
				TEST_HOST = "$(BUILT_PRODUCTS_DIR)/Snake.app/Snake";
			};
			name = Debug;
		};
		F85E747D2201487000FA641D /* Release */ = {
			isa = XCBuildConfiguration;
			buildSettings = {
				BUNDLE_LOADER = "$(TEST_HOST)";
				CODE_SIGN_STYLE = Automatic;
				DEVELOPMENT_TEAM = AH8FHU45PG;
				INFOPLIST_FILE = SnakeTests/Info.plist;
				LD_RUNPATH_SEARCH_PATHS = "$(inherited) @executable_path/Frameworks @loader_path/Frameworks";
				PRODUCT_BUNDLE_IDENTIFIER = com.pwyxgs.SnakeTests;
				PRODUCT_NAME = "$(TARGET_NAME)";
				TARGETED_DEVICE_FAMILY = "1,2";
				TEST_HOST = "$(BUILT_PRODUCTS_DIR)/Snake.app/Snake";
			};
			name = Release;
		};
		F85E747F2201487000FA641D /* Debug */ = {
			isa = XCBuildConfiguration;
			buildSettings = {
				CODE_SIGN_STYLE = Automatic;
				DEVELOPMENT_TEAM = AH8FHU45PG;
				INFOPLIST_FILE = SnakeUITests/Info.plist;
				LD_RUNPATH_SEARCH_PATHS = "$(inherited) @executable_path/Frameworks @loader_path/Frameworks";
				PRODUCT_BUNDLE_IDENTIFIER = com.pwyxgs.SnakeUITests;
				PRODUCT_NAME = "$(TARGET_NAME)";
				TARGETED_DEVICE_FAMILY = "1,2";
				TEST_TARGET_NAME = Snake;
			};
			name = Debug;
		};
		F85E74802201487000FA641D /* Release */ = {
			isa = XCBuildConfiguration;
			buildSettings = {
				CODE_SIGN_STYLE = Automatic;
				DEVELOPMENT_TEAM = AH8FHU45PG;
				INFOPLIST_FILE = SnakeUITests/Info.plist;
				LD_RUNPATH_SEARCH_PATHS = "$(inherited) @executable_path/Frameworks @loader_path/Frameworks";
				PRODUCT_BUNDLE_IDENTIFIER = com.pwyxgs.SnakeUITests;
				PRODUCT_NAME = "$(TARGET_NAME)";
				TARGETED_DEVICE_FAMILY = "1,2";
				TEST_TARGET_NAME = Snake;
			};
			name = Release;
		};
/* End XCBuildConfiguration section */

/* Begin XCConfigurationList section */
		F85E74472201486F00FA641D /* Build configuration list for PBXProject "Snake" */ = {
			isa = XCConfigurationList;
			buildConfigurations = (
				F85E74762201487000FA641D /* Debug */,
				F85E74772201487000FA641D /* Release */,
			);
			defaultConfigurationIsVisible = 0;
			defaultConfigurationName = Release;
		};
		F85E74782201487000FA641D /* Build configuration list for PBXNativeTarget "Snake" */ = {
			isa = XCConfigurationList;
			buildConfigurations = (
				F85E74792201487000FA641D /* Debug */,
				F85E747A2201487000FA641D /* Release */,
			);
			defaultConfigurationIsVisible = 0;
			defaultConfigurationName = Release;
		};
		F85E747B2201487000FA641D /* Build configuration list for PBXNativeTarget "SnakeTests" */ = {
			isa = XCConfigurationList;
			buildConfigurations = (
				F85E747C2201487000FA641D /* Debug */,
				F85E747D2201487000FA641D /* Release */,
			);
			defaultConfigurationIsVisible = 0;
			defaultConfigurationName = Release;
		};
		F85E747E2201487000FA641D /* Build configuration list for PBXNativeTarget "SnakeUITests" */ = {
			isa = XCConfigurationList;
			buildConfigurations = (
				F85E747F2201487000FA641D /* Debug */,
				F85E74802201487000FA641D /* Release */,
			);
			defaultConfigurationIsVisible = 0;
			defaultConfigurationName = Release;
		};
/* End XCConfigurationList section */
	};
	rootObject = F85E74442201486F00FA641D /* Project object */;
}
